
Microsoft Visual Studio Solution File, Format Version 12.00
# Visual Studio Version 17
VisualStudioVersion = 17.5.002.0
MinimumVisualStudioVersion = 10.0.40219.1
Project("{9A19103F-16F7-4668-BE54-9A1E7A4F7556}") = "PaymentAPI", "PaymentAPI.csproj", "{7EB61B01-6463-4B9A-AD11-A0E9AE146C25}"
EndProject
Global
	GlobalSection(SolutionConfigurationPlatforms) = preSolution
		Debug|Any CPU = Debug|Any CPU
		Release|Any CPU = Release|Any CPU
	EndGlobalSection
	GlobalSection(ProjectConfigurationPlatforms) = postSolution
		{7EB61B01-6463-4B9A-AD11-A0E9AE146C25}.Debug|Any CPU.ActiveCfg = Debug|Any CPU
		{7EB61B01-6463-4B9A-AD11-A0E9AE146C25}.Debug|Any CPU.Build.0 = Debug|Any CPU
		{7EB61B01-6463-4B9A-AD11-A0E9AE146C25}.Release|Any CPU.ActiveCfg = Release|Any CPU
		{7EB61B01-6463-4B9A-AD11-A0E9AE146C25}.Release|Any CPU.Build.0 = Release|Any CPU
	EndGlobalSection
	GlobalSection(SolutionProperties) = preSolution
		HideSolutionNode = FALSE
	EndGlobalSection
	GlobalSection(ExtensibilityGlobals) = postSolution
		SolutionGuid = {6477350D-E7AD-47DF-917A-639796EFB5FB}
	EndGlobalSection
EndGlobal
